
Microsoft Visual Studio Solution File, Format Version 12.00
# Visual Studio Version 16
VisualStudioVersion = 16.0.32407.337
MinimumVisualStudioVersion = 10.0.40219.1
Project("{FAE04EC0-301F-11D3-BF4B-00C04F79EFBC}") = "DbClass", "DbClass\DbClass.csproj", "{5EB54603-96AB-4E6F-86D9-B367362EF8E9}"
EndProject
Global
	GlobalSection(SolutionConfigurationPlatforms) = preSolution
		Debug|Any CPU = Debug|Any CPU
		Release|Any CPU = Release|Any CPU
	EndGlobalSection
	GlobalSection(ProjectConfigurationPlatforms) = postSolution
		{5EB54603-96AB-4E6F-86D9-B367362EF8E9}.Debug|Any CPU.ActiveCfg = Debug|Any CPU
		{5EB54603-96AB-4E6F-86D9-B367362EF8E9}.Debug|Any CPU.Build.0 = Debug|Any CPU
		{5EB54603-96AB-4E6F-86D9-B367362EF8E9}.Release|Any CPU.ActiveCfg = Release|Any CPU
		{5EB54603-96AB-4E6F-86D9-B367362EF8E9}.Release|Any CPU.Build.0 = Release|Any CPU
	EndGlobalSection
	GlobalSection(SolutionProperties) = preSolution
		HideSolutionNode = FALSE
	EndGlobalSection
	GlobalSection(ExtensibilityGlobals) = postSolution
		SolutionGuid = {2FEA0896-9E20-44E0-9FE0-C4F507523709}
	EndGlobalSection
EndGlobal
